// !$*UTF8*$!
{
	archiveVersion = 1;
	classes = {
	};
	objectVersion = 47;
	objects = {

/* Begin PBXBuildFile section */
		3F2404EA1955F7FE0022C703 /* XCTest.framework in Frameworks */ = {isa = PBXBuildFile; fileRef = 3F2404E91955F7FE0022C703 /* XCTest.framework */; };
		3FD0CF311959F700000C8F68 /* Unittest_custom_options.pb.m in Sources */ = {isa = PBXBuildFile; fileRef = 3FD0CF161959F700000C8F68 /* Unittest_custom_options.pb.m */; };
		3FD0CF321959F700000C8F68 /* Unittest_embed_optimize_for.pb.m in Sources */ = {isa = PBXBuildFile; fileRef = 3FD0CF181959F700000C8F68 /* Unittest_embed_optimize_for.pb.m */; };
		3FD0CF331959F700000C8F68 /* Unittest_empty.pb.m in Sources */ = {isa = PBXBuildFile; fileRef = 3FD0CF1A1959F700000C8F68 /* Unittest_empty.pb.m */; };
		3FD0CF341959F700000C8F68 /* Unittest_enormous_descriptor.pb.m in Sources */ = {isa = PBXBuildFile; fileRef = 3FD0CF1C1959F700000C8F68 /* Unittest_enormous_descriptor.pb.m */; };
		3FD0CF351959F700000C8F68 /* Unittest_import_lite.pb.m in Sources */ = {isa = PBXBuildFile; fileRef = 3FD0CF1E1959F700000C8F68 /* Unittest_import_lite.pb.m */; };
		3FD0CF361959F700000C8F68 /* Unittest_import_public_lite.pb.m in Sources */ = {isa = PBXBuildFile; fileRef = 3FD0CF201959F700000C8F68 /* Unittest_import_public_lite.pb.m */; };
		3FD0CF371959F700000C8F68 /* Unittest_import_public.pb.m in Sources */ = {isa = PBXBuildFile; fileRef = 3FD0CF221959F700000C8F68 /* Unittest_import_public.pb.m */; };
		3FD0CF381959F700000C8F68 /* Unittest_import.pb.m in Sources */ = {isa = PBXBuildFile; fileRef = 3FD0CF241959F700000C8F68 /* Unittest_import.pb.m */; };
		3FD0CF391959F700000C8F68 /* Unittest_lite_imports_nonlite.pb.m in Sources */ = {isa = PBXBuildFile; fileRef = 3FD0CF261959F700000C8F68 /* Unittest_lite_imports_nonlite.pb.m */; };
		3FD0CF3A1959F700000C8F68 /* Unittest_lite.pb.m in Sources */ = {isa = PBXBuildFile; fileRef = 3FD0CF281959F700000C8F68 /* Unittest_lite.pb.m */; };
		3FD0CF3B1959F700000C8F68 /* Unittest_mset.pb.m in Sources */ = {isa = PBXBuildFile; fileRef = 3FD0CF2A1959F700000C8F68 /* Unittest_mset.pb.m */; };
		3FD0CF3C1959F700000C8F68 /* Unittest_no_generic_services.pb.m in Sources */ = {isa = PBXBuildFile; fileRef = 3FD0CF2C1959F700000C8F68 /* Unittest_no_generic_services.pb.m */; };
		3FD0CF3D1959F700000C8F68 /* Unittest_optimize_for.pb.m in Sources */ = {isa = PBXBuildFile; fileRef = 3FD0CF2E1959F700000C8F68 /* Unittest_optimize_for.pb.m */; };
		3FD0CF3E1959F700000C8F68 /* Unittest.pb.m in Sources */ = {isa = PBXBuildFile; fileRef = 3FD0CF301959F700000C8F68 /* Unittest.pb.m */; };
		3FD2C4AE195A0E5B00ABFC84 /* golden_message in Resources */ = {isa = PBXBuildFile; fileRef = 3F7E14901955FAEE00B3DD01 /* golden_message */; };
		3FD2C4AF195A0E5B00ABFC84 /* golden_packed_fields_message in Resources */ = {isa = PBXBuildFile; fileRef = 3F7E14911955FAEE00B3DD01 /* golden_packed_fields_message */; };
		C5B03FC712517AAE0087887C /* SmallBlockInputStream.m in Sources */ = {isa = PBXBuildFile; fileRef = C5B03F8912517A1A0087887C /* SmallBlockInputStream.m */; };
		C5B03FC912517AD90087887C /* CodedInputStreamTests.m in Sources */ = {isa = PBXBuildFile; fileRef = C5B03F7C12517A1A0087887C /* CodedInputStreamTests.m */; };
		C5B03FCA12517AD90087887C /* CodedOuputStreamTests.m in Sources */ = {isa = PBXBuildFile; fileRef = C5B03F7E12517A1A0087887C /* CodedOuputStreamTests.m */; };
		C5B03FCB12517AD90087887C /* CoreTests.m in Sources */ = {isa = PBXBuildFile; fileRef = C5B03F8012517A1A0087887C /* CoreTests.m */; };
		C5B03FCC12517AD90087887C /* GeneratedMessageTests.m in Sources */ = {isa = PBXBuildFile; fileRef = C5B03F8212517A1A0087887C /* GeneratedMessageTests.m */; };
		C5B03FCD12517AD90087887C /* MessageTests.m in Sources */ = {isa = PBXBuildFile; fileRef = C5B03F8512517A1A0087887C /* MessageTests.m */; };
		C5B03FCE12517AD90087887C /* MicroTest.m in Sources */ = {isa = PBXBuildFile; fileRef = C5B03F8712517A1A0087887C /* MicroTest.m */; };
		C5B03FCF12517AD90087887C /* TestUtilities.m in Sources */ = {isa = PBXBuildFile; fileRef = C5B03F8B12517A1A0087887C /* TestUtilities.m */; };
		C5B03FD612517AD90087887C /* UnknownFieldSetTest.m in Sources */ = {isa = PBXBuildFile; fileRef = C5B03F9912517A1A0087887C /* UnknownFieldSetTest.m */; };
		C5B03FD712517AD90087887C /* UtilitiesTests.m in Sources */ = {isa = PBXBuildFile; fileRef = C5B03F9B12517A1A0087887C /* UtilitiesTests.m */; };
		C5B03FD812517AD90087887C /* WireFormatTests.m in Sources */ = {isa = PBXBuildFile; fileRef = C5B03F9D12517A1A0087887C /* WireFormatTests.m */; };
		C5B0406312517D0A0087887C /* Main.m in Sources */ = {isa = PBXBuildFile; fileRef = C5B03F8312517A1A0087887C /* Main.m */; };
		C5D8D6EB12767BC300F0BAE4 /* ArrayTests.m in Sources */ = {isa = PBXBuildFile; fileRef = C5D8D6EA12767BC300F0BAE4 /* ArrayTests.m */; };
		CB1669EE1B3D494A008C2C83 /* ProtocolBuffers.framework in Frameworks */ = {isa = PBXBuildFile; fileRef = CB81572A1B3D3F2E0046FA61 /* ProtocolBuffers.framework */; };
		CB1669F11B3D538C008C2C83 /* CodedInputStream.h in Headers */ = {isa = PBXBuildFile; fileRef = C586264B12668C2F00204EE1 /* CodedInputStream.h */; settings = {ATTRIBUTES = (Public, ); }; };
		CB1669F21B3D539C008C2C83 /* CodedOutputStream.h in Headers */ = {isa = PBXBuildFile; fileRef = C586264D12668C2F00204EE1 /* CodedOutputStream.h */; settings = {ATTRIBUTES = (Public, ); }; };
		CB1669F31B3D53B9008C2C83 /* WireFormat.h in Headers */ = {isa = PBXBuildFile; fileRef = C586265712668C4100204EE1 /* WireFormat.h */; settings = {ATTRIBUTES = (Public, ); }; };
		CB8157411B3D3F840046FA61 /* ObjectivecDescriptor.pb.m in Sources */ = {isa = PBXBuildFile; fileRef = 3F6E96B81A66B61D004E26F2 /* ObjectivecDescriptor.pb.m */; };
		CB8157421B3D3F890046FA61 /* Descriptor.pb.m in Sources */ = {isa = PBXBuildFile; fileRef = 3F7A40591957772800B7AC58 /* Descriptor.pb.m */; };
		CB8157431B3D3F8D0046FA61 /* ConcreteExtensionField.m in Sources */ = {isa = PBXBuildFile; fileRef = C586262612668BCF00204EE1 /* ConcreteExtensionField.m */; };
		CB8157441B3D3F910046FA61 /* ExtendableMessageBuilder.m in Sources */ = {isa = PBXBuildFile; fileRef = C586262812668BCF00204EE1 /* ExtendableMessageBuilder.m */; };
		CB8157451B3D3F930046FA61 /* ExtendableMessage.m in Sources */ = {isa = PBXBuildFile; fileRef = C586262A12668BCF00204EE1 /* ExtendableMessage.m */; };
		CB8157461B3D3F960046FA61 /* ExtensionRegistry.m in Sources */ = {isa = PBXBuildFile; fileRef = C586262D12668BCF00204EE1 /* ExtensionRegistry.m */; };
		CB8157471B3D3F990046FA61 /* MutableExtensionRegistry.m in Sources */ = {isa = PBXBuildFile; fileRef = C586263812668BFD00204EE1 /* MutableExtensionRegistry.m */; };
		CB8157481B3D3F9C0046FA61 /* Field.m in Sources */ = {isa = PBXBuildFile; fileRef = C586263C12668C0D00204EE1 /* Field.m */; };
		CB8157491B3D3F9E0046FA61 /* MutableField.m in Sources */ = {isa = PBXBuildFile; fileRef = C586264012668C1800204EE1 /* MutableField.m */; };
		CB81574A1B3D3FA10046FA61 /* UnknownFieldSetBuilder.m in Sources */ = {isa = PBXBuildFile; fileRef = C586264412668C2000204EE1 /* UnknownFieldSetBuilder.m */; };
		CB81574B1B3D3FA40046FA61 /* UnknownFieldSet.m in Sources */ = {isa = PBXBuildFile; fileRef = C586264612668C2000204EE1 /* UnknownFieldSet.m */; };
		CB81574C1B3D3FA70046FA61 /* CodedInputStream.m in Sources */ = {isa = PBXBuildFile; fileRef = C586264C12668C2F00204EE1 /* CodedInputStream.m */; };
		CB81574D1B3D3FAA0046FA61 /* CodedOutputStream.m in Sources */ = {isa = PBXBuildFile; fileRef = C586264E12668C2F00204EE1 /* CodedOutputStream.m */; };
		CB81574E1B3D3FAD0046FA61 /* TextFormat.m in Sources */ = {isa = PBXBuildFile; fileRef = C586265412668C3900204EE1 /* TextFormat.m */; };
		CB81574F1B3D3FAF0046FA61 /* WireFormat.m in Sources */ = {isa = PBXBuildFile; fileRef = C586265812668C4100204EE1 /* WireFormat.m */; };
		CB8157501B3D3FB20046FA61 /* AbstractMessageBuilder.m in Sources */ = {isa = PBXBuildFile; fileRef = C586265C12668C4D00204EE1 /* AbstractMessageBuilder.m */; };
		CB8157511B3D3FB60046FA61 /* AbstractMessage.m in Sources */ = {isa = PBXBuildFile; fileRef = C586265E12668C4D00204EE1 /* AbstractMessage.m */; };
		CB8157521B3D3FB90046FA61 /* GeneratedMessageBuilder.m in Sources */ = {isa = PBXBuildFile; fileRef = C586266412668C5800204EE1 /* GeneratedMessageBuilder.m */; };
		CB8157531B3D3FBC0046FA61 /* GeneratedMessage.m in Sources */ = {isa = PBXBuildFile; fileRef = C586266612668C5800204EE1 /* GeneratedMessage.m */; };
		CB8157541B3D3FBF0046FA61 /* PBArray.m in Sources */ = {isa = PBXBuildFile; fileRef = C5F36E041275FA5A00013BB4 /* PBArray.m */; };
		CB8157551B3D3FC20046FA61 /* RingBuffer.m in Sources */ = {isa = PBXBuildFile; fileRef = C586267012668C6C00204EE1 /* RingBuffer.m */; };
		CB8157561B3D3FC60046FA61 /* Utilities.m in Sources */ = {isa = PBXBuildFile; fileRef = C586267412668C7400204EE1 /* Utilities.m */; };
		CB8157571B3D3FDB0046FA61 /* ObjectivecDescriptor.pb.h in Headers */ = {isa = PBXBuildFile; fileRef = 3F6E96B71A66B61D004E26F2 /* ObjectivecDescriptor.pb.h */; settings = {ATTRIBUTES = (Public, ); }; };
		CB8157581B3D3FE10046FA61 /* Descriptor.pb.h in Headers */ = {isa = PBXBuildFile; fileRef = 3F7A40581957772800B7AC58 /* Descriptor.pb.h */; settings = {ATTRIBUTES = (Public, ); }; };
		CB8157591B3D3FF40046FA61 /* ExtensionRegistry.h in Headers */ = {isa = PBXBuildFile; fileRef = C586262C12668BCF00204EE1 /* ExtensionRegistry.h */; settings = {ATTRIBUTES = (Public, ); }; };
		CB81575A1B3D3FFA0046FA61 /* MutableExtensionRegistry.h in Headers */ = {isa = PBXBuildFile; fileRef = C586263712668BFD00204EE1 /* MutableExtensionRegistry.h */; settings = {ATTRIBUTES = (Public, ); }; };
		CBC09D581B3D40F6008CA4F1 /* Foundation.framework in Frameworks */ = {isa = PBXBuildFile; fileRef = AACBBE490F95108600F1A2B1 /* Foundation.framework */; };
		CBC09D591B3D4189008CA4F1 /* PBArray.h in Headers */ = {isa = PBXBuildFile; fileRef = C5F36E031275FA5A00013BB4 /* PBArray.h */; settings = {ATTRIBUTES = (Public, ); }; };
		CBC09D5A1B3D424B008CA4F1 /* ConcreteExtensionField.h in Headers */ = {isa = PBXBuildFile; fileRef = C586262512668BCF00204EE1 /* ConcreteExtensionField.h */; settings = {ATTRIBUTES = (Public, ); }; };
		CBC09D5B1B3D4252008CA4F1 /* ExtendableMessageBuilder.h in Headers */ = {isa = PBXBuildFile; fileRef = C586262712668BCF00204EE1 /* ExtendableMessageBuilder.h */; settings = {ATTRIBUTES = (Public, ); }; };
		CBC09D5C1B3D4258008CA4F1 /* ExtendableMessage.h in Headers */ = {isa = PBXBuildFile; fileRef = C586262912668BCF00204EE1 /* ExtendableMessage.h */; settings = {ATTRIBUTES = (Public, ); }; };
		CBC09D5D1B3D425D008CA4F1 /* ExtensionField.h in Headers */ = {isa = PBXBuildFile; fileRef = C586262B12668BCF00204EE1 /* ExtensionField.h */; settings = {ATTRIBUTES = (Public, ); }; };
		CBC09D5E1B3D4265008CA4F1 /* Field.h in Headers */ = {isa = PBXBuildFile; fileRef = C586263B12668C0D00204EE1 /* Field.h */; settings = {ATTRIBUTES = (Public, ); }; };
		CBC09D5F1B3D4269008CA4F1 /* MutableField.h in Headers */ = {isa = PBXBuildFile; fileRef = C586263F12668C1800204EE1 /* MutableField.h */; settings = {ATTRIBUTES = (Public, ); }; };
		CBC09D601B3D426E008CA4F1 /* UnknownFieldSetBuilder.h in Headers */ = {isa = PBXBuildFile; fileRef = C586264312668C2000204EE1 /* UnknownFieldSetBuilder.h */; settings = {ATTRIBUTES = (Public, ); }; };
		CBC09D611B3D4272008CA4F1 /* UnknownFieldSet.h in Headers */ = {isa = PBXBuildFile; fileRef = C586264512668C2000204EE1 /* UnknownFieldSet.h */; settings = {ATTRIBUTES = (Public, ); }; };
		CBC09D621B3D4279008CA4F1 /* AbstractMessageBuilder.h in Headers */ = {isa = PBXBuildFile; fileRef = C586265B12668C4D00204EE1 /* AbstractMessageBuilder.h */; settings = {ATTRIBUTES = (Public, ); }; };
		CBC09D631B3D427D008CA4F1 /* AbstractMessage.h in Headers */ = {isa = PBXBuildFile; fileRef = C586265D12668C4D00204EE1 /* AbstractMessage.h */; settings = {ATTRIBUTES = (Public, ); }; };
		CBC09D641B3D4282008CA4F1 /* GeneratedMessageBuilder.h in Headers */ = {isa = PBXBuildFile; fileRef = C586266312668C5800204EE1 /* GeneratedMessageBuilder.h */; settings = {ATTRIBUTES = (Public, ); }; };
		CBC09D651B3D4287008CA4F1 /* GeneratedMessage.h in Headers */ = {isa = PBXBuildFile; fileRef = C586266512668C5800204EE1 /* GeneratedMessage.h */; settings = {ATTRIBUTES = (Public, ); }; };
		CBC09D661B3D428D008CA4F1 /* MessageBuilder.h in Headers */ = {isa = PBXBuildFile; fileRef = C586266B12668C5F00204EE1 /* MessageBuilder.h */; settings = {ATTRIBUTES = (Public, ); }; };
		CBC09D671B3D4295008CA4F1 /* Message.h in Headers */ = {isa = PBXBuildFile; fileRef = C586266C12668C5F00204EE1 /* Message.h */; settings = {ATTRIBUTES = (Public, ); }; };
		CBC09D681B3D429F008CA4F1 /* RingBuffer.h in Headers */ = {isa = PBXBuildFile; fileRef = C586266F12668C6C00204EE1 /* RingBuffer.h */; };
		CBC09D691B3D42A3008CA4F1 /* Utilities.h in Headers */ = {isa = PBXBuildFile; fileRef = C586267312668C7400204EE1 /* Utilities.h */; settings = {ATTRIBUTES = (Public, ); }; };
		CBC09D6A1B3D42A9008CA4F1 /* Bootstrap.h in Headers */ = {isa = PBXBuildFile; fileRef = C586261F12668B9F00204EE1 /* Bootstrap.h */; settings = {ATTRIBUTES = (Public, ); }; };
		CBC09D6B1B3D42B2008CA4F1 /* ForwardDeclarations.h in Headers */ = {isa = PBXBuildFile; fileRef = C586262112668BB100204EE1 /* ForwardDeclarations.h */; settings = {ATTRIBUTES = (Public, ); }; };
		CBC09D6C1B3D42B9008CA4F1 /* ProtocolBuffers.h in Headers */ = {isa = PBXBuildFile; fileRef = C586262312668BBF00204EE1 /* ProtocolBuffers.h */; settings = {ATTRIBUTES = (Public, ); }; };
/* End PBXBuildFile section */

/* Begin PBXFileReference section */
		3F2404E91955F7FE0022C703 /* XCTest.framework */ = {isa = PBXFileReference; lastKnownFileType = wrapper.framework; name = XCTest.framework; path = Library/Frameworks/XCTest.framework; sourceTree = DEVELOPER_DIR; };
		3F6E96B71A66B61D004E26F2 /* ObjectivecDescriptor.pb.h */ = {isa = PBXFileReference; fileEncoding = 4; lastKnownFileType = sourcecode.c.h; path = ObjectivecDescriptor.pb.h; sourceTree = "<group>"; };
		3F6E96B81A66B61D004E26F2 /* ObjectivecDescriptor.pb.m */ = {isa = PBXFileReference; fileEncoding = 4; lastKnownFileType = sourcecode.c.objc; path = ObjectivecDescriptor.pb.m; sourceTree = "<group>"; };
		3F7A40581957772800B7AC58 /* Descriptor.pb.h */ = {isa = PBXFileReference; fileEncoding = 4; lastKnownFileType = sourcecode.c.h; path = Descriptor.pb.h; sourceTree = "<group>"; };
		3F7A40591957772800B7AC58 /* Descriptor.pb.m */ = {isa = PBXFileReference; fileEncoding = 4; lastKnownFileType = sourcecode.c.objc; lineEnding = 0; path = Descriptor.pb.m; sourceTree = "<group>"; xcLanguageSpecificationIdentifier = xcode.lang.objc; };
		3F7E14901955FAEE00B3DD01 /* golden_message */ = {isa = PBXFileReference; lastKnownFileType = file; path = golden_message; sourceTree = "<group>"; };
		3F7E14911955FAEE00B3DD01 /* golden_packed_fields_message */ = {isa = PBXFileReference; lastKnownFileType = file; path = golden_packed_fields_message; sourceTree = "<group>"; };
		3F7E14921955FAEE00B3DD01 /* text_format_unittest_data.txt */ = {isa = PBXFileReference; fileEncoding = 4; lastKnownFileType = text; path = text_format_unittest_data.txt; sourceTree = "<group>"; };
		3F7E14931955FAEE00B3DD01 /* text_format_unittest_extensions_data.txt */ = {isa = PBXFileReference; fileEncoding = 4; lastKnownFileType = text; path = text_format_unittest_extensions_data.txt; sourceTree = "<group>"; };
		3FD0CF151959F700000C8F68 /* Unittest_custom_options.pb.h */ = {isa = PBXFileReference; fileEncoding = 4; lastKnownFileType = sourcecode.c.h; name = Unittest_custom_options.pb.h; path = Tests/Unittest_custom_options.pb.h; sourceTree = "<group>"; };
		3FD0CF161959F700000C8F68 /* Unittest_custom_options.pb.m */ = {isa = PBXFileReference; fileEncoding = 4; lastKnownFileType = sourcecode.c.objc; name = Unittest_custom_options.pb.m; path = Tests/Unittest_custom_options.pb.m; sourceTree = "<group>"; };
		3FD0CF171959F700000C8F68 /* Unittest_embed_optimize_for.pb.h */ = {isa = PBXFileReference; fileEncoding = 4; lastKnownFileType = sourcecode.c.h; name = Unittest_embed_optimize_for.pb.h; path = Tests/Unittest_embed_optimize_for.pb.h; sourceTree = "<group>"; };
		3FD0CF181959F700000C8F68 /* Unittest_embed_optimize_for.pb.m */ = {isa = PBXFileReference; fileEncoding = 4; lastKnownFileType = sourcecode.c.objc; name = Unittest_embed_optimize_for.pb.m; path = Tests/Unittest_embed_optimize_for.pb.m; sourceTree = "<group>"; };
		3FD0CF191959F700000C8F68 /* Unittest_empty.pb.h */ = {isa = PBXFileReference; fileEncoding = 4; lastKnownFileType = sourcecode.c.h; name = Unittest_empty.pb.h; path = Tests/Unittest_empty.pb.h; sourceTree = "<group>"; };
		3FD0CF1A1959F700000C8F68 /* Unittest_empty.pb.m */ = {isa = PBXFileReference; fileEncoding = 4; lastKnownFileType = sourcecode.c.objc; name = Unittest_empty.pb.m; path = Tests/Unittest_empty.pb.m; sourceTree = "<group>"; };
		3FD0CF1B1959F700000C8F68 /* Unittest_enormous_descriptor.pb.h */ = {isa = PBXFileReference; fileEncoding = 4; lastKnownFileType = sourcecode.c.h; name = Unittest_enormous_descriptor.pb.h; path = Tests/Unittest_enormous_descriptor.pb.h; sourceTree = "<group>"; };
		3FD0CF1C1959F700000C8F68 /* Unittest_enormous_descriptor.pb.m */ = {isa = PBXFileReference; fileEncoding = 4; lastKnownFileType = sourcecode.c.objc; name = Unittest_enormous_descriptor.pb.m; path = Tests/Unittest_enormous_descriptor.pb.m; sourceTree = "<group>"; };
		3FD0CF1D1959F700000C8F68 /* Unittest_import_lite.pb.h */ = {isa = PBXFileReference; fileEncoding = 4; lastKnownFileType = sourcecode.c.h; name = Unittest_import_lite.pb.h; path = Tests/Unittest_import_lite.pb.h; sourceTree = "<group>"; };
		3FD0CF1E1959F700000C8F68 /* Unittest_import_lite.pb.m */ = {isa = PBXFileReference; fileEncoding = 4; lastKnownFileType = sourcecode.c.objc; name = Unittest_import_lite.pb.m; path = Tests/Unittest_import_lite.pb.m; sourceTree = "<group>"; };
		3FD0CF1F1959F700000C8F68 /* Unittest_import_public_lite.pb.h */ = {isa = PBXFileReference; fileEncoding = 4; lastKnownFileType = sourcecode.c.h; name = Unittest_import_public_lite.pb.h; path = Tests/Unittest_import_public_lite.pb.h; sourceTree = "<group>"; };
		3FD0CF201959F700000C8F68 /* Unittest_import_public_lite.pb.m */ = {isa = PBXFileReference; fileEncoding = 4; lastKnownFileType = sourcecode.c.objc; name = Unittest_import_public_lite.pb.m; path = Tests/Unittest_import_public_lite.pb.m; sourceTree = "<group>"; };
		3FD0CF211959F700000C8F68 /* Unittest_import_public.pb.h */ = {isa = PBXFileReference; fileEncoding = 4; lastKnownFileType = sourcecode.c.h; name = Unittest_import_public.pb.h; path = Tests/Unittest_import_public.pb.h; sourceTree = "<group>"; };
		3FD0CF221959F700000C8F68 /* Unittest_import_public.pb.m */ = {isa = PBXFileReference; fileEncoding = 4; lastKnownFileType = sourcecode.c.objc; name = Unittest_import_public.pb.m; path = Tests/Unittest_import_public.pb.m; sourceTree = "<group>"; };
		3FD0CF231959F700000C8F68 /* Unittest_import.pb.h */ = {isa = PBXFileReference; fileEncoding = 4; lastKnownFileType = sourcecode.c.h; name = Unittest_import.pb.h; path = Tests/Unittest_import.pb.h; sourceTree = "<group>"; };
		3FD0CF241959F700000C8F68 /* Unittest_import.pb.m */ = {isa = PBXFileReference; fileEncoding = 4; lastKnownFileType = sourcecode.c.objc; name = Unittest_import.pb.m; path = Tests/Unittest_import.pb.m; sourceTree = "<group>"; };
		3FD0CF251959F700000C8F68 /* Unittest_lite_imports_nonlite.pb.h */ = {isa = PBXFileReference; fileEncoding = 4; lastKnownFileType = sourcecode.c.h; name = Unittest_lite_imports_nonlite.pb.h; path = Tests/Unittest_lite_imports_nonlite.pb.h; sourceTree = "<group>"; };
		3FD0CF261959F700000C8F68 /* Unittest_lite_imports_nonlite.pb.m */ = {isa = PBXFileReference; fileEncoding = 4; lastKnownFileType = sourcecode.c.objc; name = Unittest_lite_imports_nonlite.pb.m; path = Tests/Unittest_lite_imports_nonlite.pb.m; sourceTree = "<group>"; };
		3FD0CF271959F700000C8F68 /* Unittest_lite.pb.h */ = {isa = PBXFileReference; fileEncoding = 4; lastKnownFileType = sourcecode.c.h; name = Unittest_lite.pb.h; path = Tests/Unittest_lite.pb.h; sourceTree = "<group>"; };
		3FD0CF281959F700000C8F68 /* Unittest_lite.pb.m */ = {isa = PBXFileReference; fileEncoding = 4; lastKnownFileType = sourcecode.c.objc; name = Unittest_lite.pb.m; path = Tests/Unittest_lite.pb.m; sourceTree = "<group>"; };
		3FD0CF291959F700000C8F68 /* Unittest_mset.pb.h */ = {isa = PBXFileReference; fileEncoding = 4; lastKnownFileType = sourcecode.c.h; name = Unittest_mset.pb.h; path = Tests/Unittest_mset.pb.h; sourceTree = "<group>"; };
		3FD0CF2A1959F700000C8F68 /* Unittest_mset.pb.m */ = {isa = PBXFileReference; fileEncoding = 4; lastKnownFileType = sourcecode.c.objc; name = Unittest_mset.pb.m; path = Tests/Unittest_mset.pb.m; sourceTree = "<group>"; };
		3FD0CF2B1959F700000C8F68 /* Unittest_no_generic_services.pb.h */ = {isa = PBXFileReference; fileEncoding = 4; lastKnownFileType = sourcecode.c.h; name = Unittest_no_generic_services.pb.h; path = Tests/Unittest_no_generic_services.pb.h; sourceTree = "<group>"; };
		3FD0CF2C1959F700000C8F68 /* Unittest_no_generic_services.pb.m */ = {isa = PBXFileReference; fileEncoding = 4; lastKnownFileType = sourcecode.c.objc; name = Unittest_no_generic_services.pb.m; path = Tests/Unittest_no_generic_services.pb.m; sourceTree = "<group>"; };
		3FD0CF2D1959F700000C8F68 /* Unittest_optimize_for.pb.h */ = {isa = PBXFileReference; fileEncoding = 4; lastKnownFileType = sourcecode.c.h; name = Unittest_optimize_for.pb.h; path = Tests/Unittest_optimize_for.pb.h; sourceTree = "<group>"; };
		3FD0CF2E1959F700000C8F68 /* Unittest_optimize_for.pb.m */ = {isa = PBXFileReference; fileEncoding = 4; lastKnownFileType = sourcecode.c.objc; name = Unittest_optimize_for.pb.m; path = Tests/Unittest_optimize_for.pb.m; sourceTree = "<group>"; };
		3FD0CF2F1959F700000C8F68 /* Unittest.pb.h */ = {isa = PBXFileReference; fileEncoding = 4; lastKnownFileType = sourcecode.c.h; name = Unittest.pb.h; path = Tests/Unittest.pb.h; sourceTree = "<group>"; };
		3FD0CF301959F700000C8F68 /* Unittest.pb.m */ = {isa = PBXFileReference; fileEncoding = 4; lastKnownFileType = sourcecode.c.objc; name = Unittest.pb.m; path = Tests/Unittest.pb.m; sourceTree = "<group>"; };
		AA747D9E0F9514B9006C5449 /* ProtocolBuffers_Prefix.pch */ = {isa = PBXFileReference; fileEncoding = 4; lastKnownFileType = sourcecode.c.h; path = ProtocolBuffers_Prefix.pch; sourceTree = SOURCE_ROOT; };
		AACBBE490F95108600F1A2B1 /* Foundation.framework */ = {isa = PBXFileReference; lastKnownFileType = wrapper.framework; name = Foundation.framework; path = System/Library/Frameworks/Foundation.framework; sourceTree = SDKROOT; };
		C586261F12668B9F00204EE1 /* Bootstrap.h */ = {isa = PBXFileReference; fileEncoding = 4; lastKnownFileType = sourcecode.c.h; path = Bootstrap.h; sourceTree = "<group>"; };
		C586262112668BB100204EE1 /* ForwardDeclarations.h */ = {isa = PBXFileReference; fileEncoding = 4; lastKnownFileType = sourcecode.c.h; path = ForwardDeclarations.h; sourceTree = "<group>"; };
		C586262312668BBF00204EE1 /* ProtocolBuffers.h */ = {isa = PBXFileReference; fileEncoding = 4; lastKnownFileType = sourcecode.c.h; path = ProtocolBuffers.h; sourceTree = "<group>"; };
		C586262512668BCF00204EE1 /* ConcreteExtensionField.h */ = {isa = PBXFileReference; fileEncoding = 4; lastKnownFileType = sourcecode.c.h; lineEnding = 0; path = ConcreteExtensionField.h; sourceTree = "<group>"; xcLanguageSpecificationIdentifier = xcode.lang.objcpp; };
		C586262612668BCF00204EE1 /* ConcreteExtensionField.m */ = {isa = PBXFileReference; fileEncoding = 4; lastKnownFileType = sourcecode.c.objc; lineEnding = 0; path = ConcreteExtensionField.m; sourceTree = "<group>"; xcLanguageSpecificationIdentifier = xcode.lang.objc; };
		C586262712668BCF00204EE1 /* ExtendableMessageBuilder.h */ = {isa = PBXFileReference; fileEncoding = 4; lastKnownFileType = sourcecode.c.h; lineEnding = 0; path = ExtendableMessageBuilder.h; sourceTree = "<group>"; xcLanguageSpecificationIdentifier = xcode.lang.objcpp; };
		C586262812668BCF00204EE1 /* ExtendableMessageBuilder.m */ = {isa = PBXFileReference; fileEncoding = 4; lastKnownFileType = sourcecode.c.objc; lineEnding = 0; path = ExtendableMessageBuilder.m; sourceTree = "<group>"; xcLanguageSpecificationIdentifier = xcode.lang.objc; };
		C586262912668BCF00204EE1 /* ExtendableMessage.h */ = {isa = PBXFileReference; fileEncoding = 4; lastKnownFileType = sourcecode.c.h; lineEnding = 0; path = ExtendableMessage.h; sourceTree = "<group>"; xcLanguageSpecificationIdentifier = xcode.lang.objcpp; };
		C586262A12668BCF00204EE1 /* ExtendableMessage.m */ = {isa = PBXFileReference; fileEncoding = 4; lastKnownFileType = sourcecode.c.objc; lineEnding = 0; path = ExtendableMessage.m; sourceTree = "<group>"; xcLanguageSpecificationIdentifier = xcode.lang.objc; };
		C586262B12668BCF00204EE1 /* ExtensionField.h */ = {isa = PBXFileReference; fileEncoding = 4; lastKnownFileType = sourcecode.c.h; lineEnding = 0; path = ExtensionField.h; sourceTree = "<group>"; xcLanguageSpecificationIdentifier = xcode.lang.objcpp; };
		C586262C12668BCF00204EE1 /* ExtensionRegistry.h */ = {isa = PBXFileReference; fileEncoding = 4; lastKnownFileType = sourcecode.c.h; lineEnding = 0; path = ExtensionRegistry.h; sourceTree = "<group>"; };
		C586262D12668BCF00204EE1 /* ExtensionRegistry.m */ = {isa = PBXFileReference; fileEncoding = 4; lastKnownFileType = sourcecode.c.objc; lineEnding = 0; path = ExtensionRegistry.m; sourceTree = "<group>"; xcLanguageSpecificationIdentifier = xcode.lang.objc; };
		C586263712668BFD00204EE1 /* MutableExtensionRegistry.h */ = {isa = PBXFileReference; fileEncoding = 4; lastKnownFileType = sourcecode.c.h; path = MutableExtensionRegistry.h; sourceTree = "<group>"; };
		C586263812668BFD00204EE1 /* MutableExtensionRegistry.m */ = {isa = PBXFileReference; fileEncoding = 4; lastKnownFileType = sourcecode.c.objc; lineEnding = 0; path = MutableExtensionRegistry.m; sourceTree = "<group>"; xcLanguageSpecificationIdentifier = xcode.lang.objc; };
		C586263B12668C0D00204EE1 /* Field.h */ = {isa = PBXFileReference; fileEncoding = 4; lastKnownFileType = sourcecode.c.h; lineEnding = 0; path = Field.h; sourceTree = "<group>"; xcLanguageSpecificationIdentifier = xcode.lang.objcpp; };
		C586263C12668C0D00204EE1 /* Field.m */ = {isa = PBXFileReference; fileEncoding = 4; lastKnownFileType = sourcecode.c.objc; lineEnding = 0; path = Field.m; sourceTree = "<group>"; xcLanguageSpecificationIdentifier = xcode.lang.objc; };
		C586263F12668C1800204EE1 /* MutableField.h */ = {isa = PBXFileReference; fileEncoding = 4; lastKnownFileType = sourcecode.c.h; lineEnding = 0; path = MutableField.h; sourceTree = "<group>"; xcLanguageSpecificationIdentifier = xcode.lang.objcpp; };
		C586264012668C1800204EE1 /* MutableField.m */ = {isa = PBXFileReference; fileEncoding = 4; lastKnownFileType = sourcecode.c.objc; lineEnding = 0; path = MutableField.m; sourceTree = "<group>"; xcLanguageSpecificationIdentifier = xcode.lang.objc; };
		C586264312668C2000204EE1 /* UnknownFieldSetBuilder.h */ = {isa = PBXFileReference; fileEncoding = 4; lastKnownFileType = sourcecode.c.h; lineEnding = 0; path = UnknownFieldSetBuilder.h; sourceTree = "<group>"; xcLanguageSpecificationIdentifier = xcode.lang.objcpp; };
		C586264412668C2000204EE1 /* UnknownFieldSetBuilder.m */ = {isa = PBXFileReference; fileEncoding = 4; lastKnownFileType = sourcecode.c.objc; lineEnding = 0; path = UnknownFieldSetBuilder.m; sourceTree = "<group>"; xcLanguageSpecificationIdentifier = xcode.lang.objc; };
		C586264512668C2000204EE1 /* UnknownFieldSet.h */ = {isa = PBXFileReference; fileEncoding = 4; lastKnownFileType = sourcecode.c.h; lineEnding = 0; path = UnknownFieldSet.h; sourceTree = "<group>"; xcLanguageSpecificationIdentifier = xcode.lang.objcpp; };
		C586264612668C2000204EE1 /* UnknownFieldSet.m */ = {isa = PBXFileReference; fileEncoding = 4; lastKnownFileType = sourcecode.c.objc; lineEnding = 0; path = UnknownFieldSet.m; sourceTree = "<group>"; xcLanguageSpecificationIdentifier = xcode.lang.objc; };
		C586264B12668C2F00204EE1 /* CodedInputStream.h */ = {isa = PBXFileReference; fileEncoding = 4; lastKnownFileType = sourcecode.c.h; lineEnding = 0; path = CodedInputStream.h; sourceTree = "<group>"; xcLanguageSpecificationIdentifier = xcode.lang.objcpp; };
		C586264C12668C2F00204EE1 /* CodedInputStream.m */ = {isa = PBXFileReference; fileEncoding = 4; lastKnownFileType = sourcecode.c.objc; lineEnding = 0; path = CodedInputStream.m; sourceTree = "<group>"; xcLanguageSpecificationIdentifier = xcode.lang.objc; };
		C586264D12668C2F00204EE1 /* CodedOutputStream.h */ = {isa = PBXFileReference; fileEncoding = 4; lastKnownFileType = sourcecode.c.h; path = CodedOutputStream.h; sourceTree = "<group>"; };
		C586264E12668C2F00204EE1 /* CodedOutputStream.m */ = {isa = PBXFileReference; fileEncoding = 4; lastKnownFileType = sourcecode.c.objc; path = CodedOutputStream.m; sourceTree = "<group>"; };
		C586265312668C3900204EE1 /* TextFormat.h */ = {isa = PBXFileReference; fileEncoding = 4; lastKnownFileType = sourcecode.c.h; lineEnding = 0; path = TextFormat.h; sourceTree = "<group>"; xcLanguageSpecificationIdentifier = xcode.lang.objcpp; };
		C586265412668C3900204EE1 /* TextFormat.m */ = {isa = PBXFileReference; fileEncoding = 4; lastKnownFileType = sourcecode.c.objc; lineEnding = 0; path = TextFormat.m; sourceTree = "<group>"; xcLanguageSpecificationIdentifier = xcode.lang.objc; };
		C586265712668C4100204EE1 /* WireFormat.h */ = {isa = PBXFileReference; fileEncoding = 4; lastKnownFileType = sourcecode.c.h; lineEnding = 0; path = WireFormat.h; sourceTree = "<group>"; xcLanguageSpecificationIdentifier = xcode.lang.objcpp; };
		C586265812668C4100204EE1 /* WireFormat.m */ = {isa = PBXFileReference; fileEncoding = 4; lastKnownFileType = sourcecode.c.objc; lineEnding = 0; path = WireFormat.m; sourceTree = "<group>"; xcLanguageSpecificationIdentifier = xcode.lang.objc; };
		C586265B12668C4D00204EE1 /* AbstractMessageBuilder.h */ = {isa = PBXFileReference; fileEncoding = 4; lastKnownFileType = sourcecode.c.h; path = AbstractMessageBuilder.h; sourceTree = "<group>"; };
		C586265C12668C4D00204EE1 /* AbstractMessageBuilder.m */ = {isa = PBXFileReference; fileEncoding = 4; lastKnownFileType = sourcecode.c.objc; path = AbstractMessageBuilder.m; sourceTree = "<group>"; };
		C586265D12668C4D00204EE1 /* AbstractMessage.h */ = {isa = PBXFileReference; fileEncoding = 4; lastKnownFileType = sourcecode.c.h; path = AbstractMessage.h; sourceTree = "<group>"; };
		C586265E12668C4D00204EE1 /* AbstractMessage.m */ = {isa = PBXFileReference; fileEncoding = 4; lastKnownFileType = sourcecode.c.objc; lineEnding = 0; path = AbstractMessage.m; sourceTree = "<group>"; xcLanguageSpecificationIdentifier = xcode.lang.objc; };
		C586266312668C5800204EE1 /* GeneratedMessageBuilder.h */ = {isa = PBXFileReference; fileEncoding = 4; lastKnownFileType = sourcecode.c.h; lineEnding = 0; path = GeneratedMessageBuilder.h; sourceTree = "<group>"; xcLanguageSpecificationIdentifier = xcode.lang.objcpp; };
		C586266412668C5800204EE1 /* GeneratedMessageBuilder.m */ = {isa = PBXFileReference; fileEncoding = 4; lastKnownFileType = sourcecode.c.objc; lineEnding = 0; path = GeneratedMessageBuilder.m; sourceTree = "<group>"; xcLanguageSpecificationIdentifier = xcode.lang.objc; };
		C586266512668C5800204EE1 /* GeneratedMessage.h */ = {isa = PBXFileReference; fileEncoding = 4; lastKnownFileType = sourcecode.c.h; lineEnding = 0; path = GeneratedMessage.h; sourceTree = "<group>"; xcLanguageSpecificationIdentifier = xcode.lang.objcpp; };
		C586266612668C5800204EE1 /* GeneratedMessage.m */ = {isa = PBXFileReference; fileEncoding = 4; lastKnownFileType = sourcecode.c.objc; lineEnding = 0; path = GeneratedMessage.m; sourceTree = "<group>"; xcLanguageSpecificationIdentifier = xcode.lang.objc; };
		C586266B12668C5F00204EE1 /* MessageBuilder.h */ = {isa = PBXFileReference; fileEncoding = 4; lastKnownFileType = sourcecode.c.h; lineEnding = 0; path = MessageBuilder.h; sourceTree = "<group>"; xcLanguageSpecificationIdentifier = xcode.lang.objcpp; };
		C586266C12668C5F00204EE1 /* Message.h */ = {isa = PBXFileReference; fileEncoding = 4; lastKnownFileType = sourcecode.c.h; lineEnding = 0; path = Message.h; sourceTree = "<group>"; xcLanguageSpecificationIdentifier = xcode.lang.objcpp; };
		C586266F12668C6C00204EE1 /* RingBuffer.h */ = {isa = PBXFileReference; fileEncoding = 4; lastKnownFileType = sourcecode.c.h; lineEnding = 0; path = RingBuffer.h; sourceTree = "<group>"; xcLanguageSpecificationIdentifier = xcode.lang.objcpp; };
		C586267012668C6C00204EE1 /* RingBuffer.m */ = {isa = PBXFileReference; fileEncoding = 4; lastKnownFileType = sourcecode.c.objc; lineEnding = 0; path = RingBuffer.m; sourceTree = "<group>"; xcLanguageSpecificationIdentifier = xcode.lang.objc; };
		C586267312668C7400204EE1 /* Utilities.h */ = {isa = PBXFileReference; fileEncoding = 4; lastKnownFileType = sourcecode.c.h; path = Utilities.h; sourceTree = "<group>"; };
		C586267412668C7400204EE1 /* Utilities.m */ = {isa = PBXFileReference; fileEncoding = 4; lastKnownFileType = sourcecode.c.objc; path = Utilities.m; sourceTree = "<group>"; };
		C5B03F76125179F30087887C /* UnitTests.xctest */ = {isa = PBXFileReference; explicitFileType = wrapper.cfbundle; includeInIndex = 0; path = UnitTests.xctest; sourceTree = BUILT_PRODUCTS_DIR; };
		C5B03F77125179F30087887C /* UnitTests-Info.plist */ = {isa = PBXFileReference; lastKnownFileType = text.plist.xml; path = "UnitTests-Info.plist"; sourceTree = "<group>"; };
		C5B03F7B12517A1A0087887C /* CodedInputStreamTests.h */ = {isa = PBXFileReference; fileEncoding = 4; lastKnownFileType = sourcecode.c.h; name = CodedInputStreamTests.h; path = Tests/CodedInputStreamTests.h; sourceTree = "<group>"; };
		C5B03F7C12517A1A0087887C /* CodedInputStreamTests.m */ = {isa = PBXFileReference; fileEncoding = 4; lastKnownFileType = sourcecode.c.objc; lineEnding = 0; name = CodedInputStreamTests.m; path = Tests/CodedInputStreamTests.m; sourceTree = "<group>"; xcLanguageSpecificationIdentifier = xcode.lang.objc; };
		C5B03F7D12517A1A0087887C /* CodedOuputStreamTests.h */ = {isa = PBXFileReference; fileEncoding = 4; lastKnownFileType = sourcecode.c.h; name = CodedOuputStreamTests.h; path = Tests/CodedOuputStreamTests.h; sourceTree = "<group>"; };
		C5B03F7E12517A1A0087887C /* CodedOuputStreamTests.m */ = {isa = PBXFileReference; fileEncoding = 4; lastKnownFileType = sourcecode.c.objc; lineEnding = 0; name = CodedOuputStreamTests.m; path = Tests/CodedOuputStreamTests.m; sourceTree = "<group>"; xcLanguageSpecificationIdentifier = xcode.lang.objc; };
		C5B03F7F12517A1A0087887C /* CoreTests.h */ = {isa = PBXFileReference; fileEncoding = 4; lastKnownFileType = sourcecode.c.h; name = CoreTests.h; path = Tests/CoreTests.h; sourceTree = "<group>"; };
		C5B03F8012517A1A0087887C /* CoreTests.m */ = {isa = PBXFileReference; fileEncoding = 4; lastKnownFileType = sourcecode.c.objc; lineEnding = 0; name = CoreTests.m; path = Tests/CoreTests.m; sourceTree = "<group>"; xcLanguageSpecificationIdentifier = xcode.lang.objc; };
		C5B03F8112517A1A0087887C /* GeneratedMessageTests.h */ = {isa = PBXFileReference; fileEncoding = 4; lastKnownFileType = sourcecode.c.h; name = GeneratedMessageTests.h; path = Tests/GeneratedMessageTests.h; sourceTree = "<group>"; };
		C5B03F8212517A1A0087887C /* GeneratedMessageTests.m */ = {isa = PBXFileReference; fileEncoding = 4; lastKnownFileType = sourcecode.c.objc; lineEnding = 0; name = GeneratedMessageTests.m; path = Tests/GeneratedMessageTests.m; sourceTree = "<group>"; xcLanguageSpecificationIdentifier = xcode.lang.objc; };
		C5B03F8312517A1A0087887C /* Main.m */ = {isa = PBXFileReference; fileEncoding = 4; lastKnownFileType = sourcecode.c.objc; name = Main.m; path = Tests/Main.m; sourceTree = "<group>"; };
		C5B03F8412517A1A0087887C /* MessageTests.h */ = {isa = PBXFileReference; fileEncoding = 4; lastKnownFileType = sourcecode.c.h; name = MessageTests.h; path = Tests/MessageTests.h; sourceTree = "<group>"; };
		C5B03F8512517A1A0087887C /* MessageTests.m */ = {isa = PBXFileReference; fileEncoding = 4; lastKnownFileType = sourcecode.c.objc; name = MessageTests.m; path = Tests/MessageTests.m; sourceTree = "<group>"; };
		C5B03F8612517A1A0087887C /* MicroTest.h */ = {isa = PBXFileReference; fileEncoding = 4; lastKnownFileType = sourcecode.c.h; name = MicroTest.h; path = Tests/MicroTest.h; sourceTree = "<group>"; };
		C5B03F8712517A1A0087887C /* MicroTest.m */ = {isa = PBXFileReference; fileEncoding = 4; lastKnownFileType = sourcecode.c.objc; name = MicroTest.m; path = Tests/MicroTest.m; sourceTree = "<group>"; };
		C5B03F8812517A1A0087887C /* SmallBlockInputStream.h */ = {isa = PBXFileReference; fileEncoding = 4; lastKnownFileType = sourcecode.c.h; lineEnding = 0; name = SmallBlockInputStream.h; path = Tests/SmallBlockInputStream.h; sourceTree = "<group>"; xcLanguageSpecificationIdentifier = xcode.lang.objcpp; };
		C5B03F8912517A1A0087887C /* SmallBlockInputStream.m */ = {isa = PBXFileReference; fileEncoding = 4; lastKnownFileType = sourcecode.c.objc; lineEnding = 0; name = SmallBlockInputStream.m; path = Tests/SmallBlockInputStream.m; sourceTree = "<group>"; xcLanguageSpecificationIdentifier = xcode.lang.objc; };
		C5B03F8A12517A1A0087887C /* TestUtilities.h */ = {isa = PBXFileReference; fileEncoding = 4; lastKnownFileType = sourcecode.c.h; name = TestUtilities.h; path = Tests/TestUtilities.h; sourceTree = "<group>"; };
		C5B03F8B12517A1A0087887C /* TestUtilities.m */ = {isa = PBXFileReference; fileEncoding = 4; lastKnownFileType = sourcecode.c.objc; lineEnding = 0; name = TestUtilities.m; path = Tests/TestUtilities.m; sourceTree = "<group>"; xcLanguageSpecificationIdentifier = xcode.lang.objc; };
		C5B03F9812517A1A0087887C /* UnknownFieldSetTest.h */ = {isa = PBXFileReference; fileEncoding = 4; lastKnownFileType = sourcecode.c.h; lineEnding = 0; name = UnknownFieldSetTest.h; path = Tests/UnknownFieldSetTest.h; sourceTree = "<group>"; xcLanguageSpecificationIdentifier = xcode.lang.objcpp; };
		C5B03F9912517A1A0087887C /* UnknownFieldSetTest.m */ = {isa = PBXFileReference; fileEncoding = 4; lastKnownFileType = sourcecode.c.objc; lineEnding = 0; name = UnknownFieldSetTest.m; path = Tests/UnknownFieldSetTest.m; sourceTree = "<group>"; xcLanguageSpecificationIdentifier = xcode.lang.objc; };
		C5B03F9A12517A1A0087887C /* UtilitiesTests.h */ = {isa = PBXFileReference; fileEncoding = 4; lastKnownFileType = sourcecode.c.h; name = UtilitiesTests.h; path = Tests/UtilitiesTests.h; sourceTree = "<group>"; };
		C5B03F9B12517A1A0087887C /* UtilitiesTests.m */ = {isa = PBXFileReference; fileEncoding = 4; lastKnownFileType = sourcecode.c.objc; lineEnding = 0; name = UtilitiesTests.m; path = Tests/UtilitiesTests.m; sourceTree = "<group>"; xcLanguageSpecificationIdentifier = xcode.lang.objc; };
		C5B03F9C12517A1A0087887C /* WireFormatTests.h */ = {isa = PBXFileReference; fileEncoding = 4; lastKnownFileType = sourcecode.c.h; name = WireFormatTests.h; path = Tests/WireFormatTests.h; sourceTree = "<group>"; };
		C5B03F9D12517A1A0087887C /* WireFormatTests.m */ = {isa = PBXFileReference; fileEncoding = 4; lastKnownFileType = sourcecode.c.objc; lineEnding = 0; name = WireFormatTests.m; path = Tests/WireFormatTests.m; sourceTree = "<group>"; xcLanguageSpecificationIdentifier = xcode.lang.objc; };
		C5D8D6E912767BC300F0BAE4 /* ArrayTests.h */ = {isa = PBXFileReference; fileEncoding = 4; lastKnownFileType = sourcecode.c.h; name = ArrayTests.h; path = Tests/ArrayTests.h; sourceTree = "<group>"; };
		C5D8D6EA12767BC300F0BAE4 /* ArrayTests.m */ = {isa = PBXFileReference; fileEncoding = 4; indentWidth = 2; lastKnownFileType = sourcecode.c.objc; lineEnding = 0; name = ArrayTests.m; path = Tests/ArrayTests.m; sourceTree = "<group>"; tabWidth = 2; usesTabs = 0; xcLanguageSpecificationIdentifier = xcode.lang.objc; };
		C5F36E031275FA5A00013BB4 /* PBArray.h */ = {isa = PBXFileReference; fileEncoding = 4; lastKnownFileType = sourcecode.c.h; lineEnding = 0; path = PBArray.h; sourceTree = "<group>"; xcLanguageSpecificationIdentifier = xcode.lang.objcpp; };
		C5F36E041275FA5A00013BB4 /* PBArray.m */ = {isa = PBXFileReference; fileEncoding = 4; lastKnownFileType = sourcecode.c.objc; lineEnding = 0; path = PBArray.m; sourceTree = "<group>"; xcLanguageSpecificationIdentifier = xcode.lang.objc; };
		CB81572A1B3D3F2E0046FA61 /* ProtocolBuffers.framework */ = {isa = PBXFileReference; explicitFileType = wrapper.framework; includeInIndex = 0; path = ProtocolBuffers.framework; sourceTree = BUILT_PRODUCTS_DIR; };
		CB81572E1B3D3F2E0046FA61 /* Info.plist */ = {isa = PBXFileReference; lastKnownFileType = text.plist.xml; path = Info.plist; sourceTree = "<group>"; };
/* End PBXFileReference section */

/* Begin PBXFrameworksBuildPhase section */
		C5B03F73125179F30087887C /* Frameworks */ = {
			isa = PBXFrameworksBuildPhase;
			buildActionMask = 2147483647;
			files = (
				CB1669EE1B3D494A008C2C83 /* ProtocolBuffers.framework in Frameworks */,
				3F2404EA1955F7FE0022C703 /* XCTest.framework in Frameworks */,
			);
			runOnlyForDeploymentPostprocessing = 0;
		};
		CB8157261B3D3F2E0046FA61 /* Frameworks */ = {
			isa = PBXFrameworksBuildPhase;
			buildActionMask = 2147483647;
			files = (
				CBC09D581B3D40F6008CA4F1 /* Foundation.framework in Frameworks */,
			);
			runOnlyForDeploymentPostprocessing = 0;
		};
/* End PBXFrameworksBuildPhase section */

/* Begin PBXGroup section */
		034768DFFF38A50411DB9C8B /* Products */ = {
			isa = PBXGroup;
			children = (
				C5B03F76125179F30087887C /* UnitTests.xctest */,
				CB81572A1B3D3F2E0046FA61 /* ProtocolBuffers.framework */,
			);
			name = Products;
			sourceTree = "<group>";
		};
		0867D691FE84028FC02AAC07 /* ProtocolBuffers */ = {
			isa = PBXGroup;
			children = (
				08FB77AEFE84172EC02AAC07 /* Classes */,
				C5B03E5312516AD70087887C /* Unit Tests */,
				32C88DFF0371C24200C91783 /* Other Sources */,
				CB81572B1B3D3F2E0046FA61 /* ProtocolBuffers */,
				0867D69AFE84028FC02AAC07 /* Frameworks */,
				034768DFFF38A50411DB9C8B /* Products */,
			);
			name = ProtocolBuffers;
			sourceTree = "<group>";
		};
		0867D69AFE84028FC02AAC07 /* Frameworks */ = {
			isa = PBXGroup;
			children = (
				3F2404E91955F7FE0022C703 /* XCTest.framework */,
				AACBBE490F95108600F1A2B1 /* Foundation.framework */,
			);
			name = Frameworks;
			sourceTree = "<group>";
		};
		08FB77AEFE84172EC02AAC07 /* Classes */ = {
			isa = PBXGroup;
			children = (
				C5CBB7FA126CBD3500354923 /* Descriptors */,
				C5B03EC212516B5D0087887C /* Extensions */,
				C5B03ED512516B970087887C /* Fields */,
				C5B03EF312516C0B0087887C /* IO */,
				C5B03F0812516C3C0087887C /* Messages */,
				C5B03F1512516C7D0087887C /* Utilities */,
				C586261F12668B9F00204EE1 /* Bootstrap.h */,
				C586262112668BB100204EE1 /* ForwardDeclarations.h */,
				C586262312668BBF00204EE1 /* ProtocolBuffers.h */,
			);
			path = Classes;
			sourceTree = "<group>";
		};
		32C88DFF0371C24200C91783 /* Other Sources */ = {
			isa = PBXGroup;
			children = (
				AA747D9E0F9514B9006C5449 /* ProtocolBuffers_Prefix.pch */,
			);
			name = "Other Sources";
			sourceTree = "<group>";
		};
		3F7E148F1955FAEE00B3DD01 /* testdata */ = {
			isa = PBXGroup;
			children = (
				3F7E14901955FAEE00B3DD01 /* golden_message */,
				3F7E14911955FAEE00B3DD01 /* golden_packed_fields_message */,
				3F7E14921955FAEE00B3DD01 /* text_format_unittest_data.txt */,
				3F7E14931955FAEE00B3DD01 /* text_format_unittest_extensions_data.txt */,
			);
			name = testdata;
			path = Tests/testdata;
			sourceTree = "<group>";
		};
		C5B03E5312516AD70087887C /* Unit Tests */ = {
			isa = PBXGroup;
			children = (
				C5B040B212517E930087887C /* Protocol Buffers */,
				C5B03FC112517A2B0087887C /* Tests */,
				C5B03FC412517A540087887C /* Utilities */,
				C5B03F8312517A1A0087887C /* Main.m */,
				C5B03F77125179F30087887C /* UnitTests-Info.plist */,
			);
			name = "Unit Tests";
			sourceTree = "<group>";
		};
		C5B03EC212516B5D0087887C /* Extensions */ = {
			isa = PBXGroup;
			children = (
				C586262512668BCF00204EE1 /* ConcreteExtensionField.h */,
				C586262612668BCF00204EE1 /* ConcreteExtensionField.m */,
				C586262712668BCF00204EE1 /* ExtendableMessageBuilder.h */,
				C586262812668BCF00204EE1 /* ExtendableMessageBuilder.m */,
				C586262912668BCF00204EE1 /* ExtendableMessage.h */,
				C586262A12668BCF00204EE1 /* ExtendableMessage.m */,
				C586262B12668BCF00204EE1 /* ExtensionField.h */,
				C586262C12668BCF00204EE1 /* ExtensionRegistry.h */,
				C586262D12668BCF00204EE1 /* ExtensionRegistry.m */,
				C586263712668BFD00204EE1 /* MutableExtensionRegistry.h */,
				C586263812668BFD00204EE1 /* MutableExtensionRegistry.m */,
			);
			name = Extensions;
			sourceTree = "<group>";
		};
		C5B03ED512516B970087887C /* Fields */ = {
			isa = PBXGroup;
			children = (
				C586263B12668C0D00204EE1 /* Field.h */,
				C586263C12668C0D00204EE1 /* Field.m */,
				C586263F12668C1800204EE1 /* MutableField.h */,
				C586264012668C1800204EE1 /* MutableField.m */,
				C586264312668C2000204EE1 /* UnknownFieldSetBuilder.h */,
				C586264412668C2000204EE1 /* UnknownFieldSetBuilder.m */,
				C586264512668C2000204EE1 /* UnknownFieldSet.h */,
				C586264612668C2000204EE1 /* UnknownFieldSet.m */,
			);
			name = Fields;
			sourceTree = "<group>";
		};
		C5B03EF312516C0B0087887C /* IO */ = {
			isa = PBXGroup;
			children = (
				C586264B12668C2F00204EE1 /* CodedInputStream.h */,
				C586264C12668C2F00204EE1 /* CodedInputStream.m */,
				C586264D12668C2F00204EE1 /* CodedOutputStream.h */,
				C586264E12668C2F00204EE1 /* CodedOutputStream.m */,
				C586265312668C3900204EE1 /* TextFormat.h */,
				C586265412668C3900204EE1 /* TextFormat.m */,
				C586265712668C4100204EE1 /* WireFormat.h */,
				C586265812668C4100204EE1 /* WireFormat.m */,
			);
			name = IO;
			sourceTree = "<group>";
		};
		C5B03F0812516C3C0087887C /* Messages */ = {
			isa = PBXGroup;
			children = (
				C586265B12668C4D00204EE1 /* AbstractMessageBuilder.h */,
				C586265C12668C4D00204EE1 /* AbstractMessageBuilder.m */,
				C586265D12668C4D00204EE1 /* AbstractMessage.h */,
				C586265E12668C4D00204EE1 /* AbstractMessage.m */,
				C586266312668C5800204EE1 /* GeneratedMessageBuilder.h */,
				C586266412668C5800204EE1 /* GeneratedMessageBuilder.m */,
				C586266512668C5800204EE1 /* GeneratedMessage.h */,
				C586266612668C5800204EE1 /* GeneratedMessage.m */,
				C586266B12668C5F00204EE1 /* MessageBuilder.h */,
				C586266C12668C5F00204EE1 /* Message.h */,
			);
			name = Messages;
			sourceTree = "<group>";
		};
		C5B03F1512516C7D0087887C /* Utilities */ = {
			isa = PBXGroup;
			children = (
				C5F36E031275FA5A00013BB4 /* PBArray.h */,
				C5F36E041275FA5A00013BB4 /* PBArray.m */,
				C586266F12668C6C00204EE1 /* RingBuffer.h */,
				C586267012668C6C00204EE1 /* RingBuffer.m */,
				C586267312668C7400204EE1 /* Utilities.h */,
				C586267412668C7400204EE1 /* Utilities.m */,
			);
			name = Utilities;
			sourceTree = "<group>";
		};
		C5B03FC112517A2B0087887C /* Tests */ = {
			isa = PBXGroup;
			children = (
				3F7E148F1955FAEE00B3DD01 /* testdata */,
				C5D8D6E912767BC300F0BAE4 /* ArrayTests.h */,
				C5D8D6EA12767BC300F0BAE4 /* ArrayTests.m */,
				C5B03F7B12517A1A0087887C /* CodedInputStreamTests.h */,
				C5B03F7C12517A1A0087887C /* CodedInputStreamTests.m */,
				C5B03F7D12517A1A0087887C /* CodedOuputStreamTests.h */,
				C5B03F7E12517A1A0087887C /* CodedOuputStreamTests.m */,
				C5B03F7F12517A1A0087887C /* CoreTests.h */,
				C5B03F8012517A1A0087887C /* CoreTests.m */,
				C5B03F8112517A1A0087887C /* GeneratedMessageTests.h */,
				C5B03F8212517A1A0087887C /* GeneratedMessageTests.m */,
				C5B03F8412517A1A0087887C /* MessageTests.h */,
				C5B03F8512517A1A0087887C /* MessageTests.m */,
				C5B03F8612517A1A0087887C /* MicroTest.h */,
				C5B03F8712517A1A0087887C /* MicroTest.m */,
				C5B03F8A12517A1A0087887C /* TestUtilities.h */,
				C5B03F8B12517A1A0087887C /* TestUtilities.m */,
				C5B03F9812517A1A0087887C /* UnknownFieldSetTest.h */,
				C5B03F9912517A1A0087887C /* UnknownFieldSetTest.m */,
				C5B03F9A12517A1A0087887C /* UtilitiesTests.h */,
				C5B03F9B12517A1A0087887C /* UtilitiesTests.m */,
				C5B03F9C12517A1A0087887C /* WireFormatTests.h */,
				C5B03F9D12517A1A0087887C /* WireFormatTests.m */,
			);
			name = Tests;
			sourceTree = "<group>";
		};
		C5B03FC412517A540087887C /* Utilities */ = {
			isa = PBXGroup;
			children = (
				C5B03F8812517A1A0087887C /* SmallBlockInputStream.h */,
				C5B03F8912517A1A0087887C /* SmallBlockInputStream.m */,
			);
			name = Utilities;
			sourceTree = "<group>";
		};
		C5B040B212517E930087887C /* Protocol Buffers */ = {
			isa = PBXGroup;
			children = (
				3FD0CF151959F700000C8F68 /* Unittest_custom_options.pb.h */,
				3FD0CF161959F700000C8F68 /* Unittest_custom_options.pb.m */,
				3FD0CF171959F700000C8F68 /* Unittest_embed_optimize_for.pb.h */,
				3FD0CF181959F700000C8F68 /* Unittest_embed_optimize_for.pb.m */,
				3FD0CF191959F700000C8F68 /* Unittest_empty.pb.h */,
				3FD0CF1A1959F700000C8F68 /* Unittest_empty.pb.m */,
				3FD0CF1B1959F700000C8F68 /* Unittest_enormous_descriptor.pb.h */,
				3FD0CF1C1959F700000C8F68 /* Unittest_enormous_descriptor.pb.m */,
				3FD0CF1D1959F700000C8F68 /* Unittest_import_lite.pb.h */,
				3FD0CF1E1959F700000C8F68 /* Unittest_import_lite.pb.m */,
				3FD0CF1F1959F700000C8F68 /* Unittest_import_public_lite.pb.h */,
				3FD0CF201959F700000C8F68 /* Unittest_import_public_lite.pb.m */,
				3FD0CF211959F700000C8F68 /* Unittest_import_public.pb.h */,
				3FD0CF221959F700000C8F68 /* Unittest_import_public.pb.m */,
				3FD0CF231959F700000C8F68 /* Unittest_import.pb.h */,
				3FD0CF241959F700000C8F68 /* Unittest_import.pb.m */,
				3FD0CF251959F700000C8F68 /* Unittest_lite_imports_nonlite.pb.h */,
				3FD0CF261959F700000C8F68 /* Unittest_lite_imports_nonlite.pb.m */,
				3FD0CF271959F700000C8F68 /* Unittest_lite.pb.h */,
				3FD0CF281959F700000C8F68 /* Unittest_lite.pb.m */,
				3FD0CF291959F700000C8F68 /* Unittest_mset.pb.h */,
				3FD0CF2A1959F700000C8F68 /* Unittest_mset.pb.m */,
				3FD0CF2B1959F700000C8F68 /* Unittest_no_generic_services.pb.h */,
				3FD0CF2C1959F700000C8F68 /* Unittest_no_generic_services.pb.m */,
				3FD0CF2D1959F700000C8F68 /* Unittest_optimize_for.pb.h */,
				3FD0CF2E1959F700000C8F68 /* Unittest_optimize_for.pb.m */,
				3FD0CF2F1959F700000C8F68 /* Unittest.pb.h */,
				3FD0CF301959F700000C8F68 /* Unittest.pb.m */,
			);
			name = "Protocol Buffers";
			sourceTree = "<group>";
		};
		C5CBB7FA126CBD3500354923 /* Descriptors */ = {
			isa = PBXGroup;
			children = (
				C5CBB803126CBD6700354923 /* Internal */,
			);
			name = Descriptors;
			sourceTree = "<group>";
		};
		C5CBB803126CBD6700354923 /* Internal */ = {
			isa = PBXGroup;
			children = (
				3F6E96B71A66B61D004E26F2 /* ObjectivecDescriptor.pb.h */,
				3F6E96B81A66B61D004E26F2 /* ObjectivecDescriptor.pb.m */,
				3F7A40581957772800B7AC58 /* Descriptor.pb.h */,
				3F7A40591957772800B7AC58 /* Descriptor.pb.m */,
			);
			name = Internal;
			sourceTree = "<group>";
		};
		CB81572B1B3D3F2E0046FA61 /* ProtocolBuffers */ = {
			isa = PBXGroup;
			children = (
				CB81572E1B3D3F2E0046FA61 /* Info.plist */,
			);
			path = ProtocolBuffers;
			sourceTree = "<group>";
		};
/* End PBXGroup section */

/* Begin PBXHeadersBuildPhase section */
		CB8157271B3D3F2E0046FA61 /* Headers */ = {
			isa = PBXHeadersBuildPhase;
			buildActionMask = 2147483647;
			files = (
				CBC09D631B3D427D008CA4F1 /* AbstractMessage.h in Headers */,
				CBC09D5B1B3D4252008CA4F1 /* ExtendableMessageBuilder.h in Headers */,
				CBC09D5C1B3D4258008CA4F1 /* ExtendableMessage.h in Headers */,
				CBC09D621B3D4279008CA4F1 /* AbstractMessageBuilder.h in Headers */,
				CB81575A1B3D3FFA0046FA61 /* MutableExtensionRegistry.h in Headers */,
				CB8157571B3D3FDB0046FA61 /* ObjectivecDescriptor.pb.h in Headers */,
				CB8157581B3D3FE10046FA61 /* Descriptor.pb.h in Headers */,
				CB1669F21B3D539C008C2C83 /* CodedOutputStream.h in Headers */,
				CB1669F11B3D538C008C2C83 /* CodedInputStream.h in Headers */,
				CBC09D601B3D426E008CA4F1 /* UnknownFieldSetBuilder.h in Headers */,
				CBC09D5E1B3D4265008CA4F1 /* Field.h in Headers */,
				CBC09D681B3D429F008CA4F1 /* RingBuffer.h in Headers */,
				CBC09D661B3D428D008CA4F1 /* MessageBuilder.h in Headers */,
				CB1669F31B3D53B9008C2C83 /* WireFormat.h in Headers */,
				CBC09D6A1B3D42A9008CA4F1 /* Bootstrap.h in Headers */,
				CBC09D5A1B3D424B008CA4F1 /* ConcreteExtensionField.h in Headers */,
				CBC09D691B3D42A3008CA4F1 /* Utilities.h in Headers */,
				CBC09D671B3D4295008CA4F1 /* Message.h in Headers */,
				CBC09D641B3D4282008CA4F1 /* GeneratedMessageBuilder.h in Headers */,
				CBC09D6B1B3D42B2008CA4F1 /* ForwardDeclarations.h in Headers */,
				CBC09D651B3D4287008CA4F1 /* GeneratedMessage.h in Headers */,
				CBC09D611B3D4272008CA4F1 /* UnknownFieldSet.h in Headers */,
				CBC09D5D1B3D425D008CA4F1 /* ExtensionField.h in Headers */,
				CBC09D591B3D4189008CA4F1 /* PBArray.h in Headers */,
				CBC09D5F1B3D4269008CA4F1 /* MutableField.h in Headers */,
				CB8157591B3D3FF40046FA61 /* ExtensionRegistry.h in Headers */,
				CBC09D6C1B3D42B9008CA4F1 /* ProtocolBuffers.h in Headers */,
			);
			runOnlyForDeploymentPostprocessing = 0;
		};
/* End PBXHeadersBuildPhase section */

/* Begin PBXNativeTarget section */
		C5B03F75125179F30087887C /* UnitTests */ = {
			isa = PBXNativeTarget;
			buildConfigurationList = C5B03F7A125179F50087887C /* Build configuration list for PBXNativeTarget "UnitTests" */;
			buildPhases = (
				C5B03F71125179F30087887C /* Resources */,
				C5B03F72125179F30087887C /* Sources */,
				C5B03F73125179F30087887C /* Frameworks */,
				C5B03F74125179F30087887C /* ShellScript */,
			);
			buildRules = (
			);
			dependencies = (
			);
			name = UnitTests;
			productName = UnitTests;
			productReference = C5B03F76125179F30087887C /* UnitTests.xctest */;
			productType = "com.apple.product-type.bundle.unit-test";
		};
		CB8157291B3D3F2E0046FA61 /* ProtocolBuffers */ = {
			isa = PBXNativeTarget;
			buildConfigurationList = CB81573B1B3D3F2F0046FA61 /* Build configuration list for PBXNativeTarget "ProtocolBuffers" */;
			buildPhases = (
				CB8157251B3D3F2E0046FA61 /* Sources */,
				CB8157261B3D3F2E0046FA61 /* Frameworks */,
				CB8157271B3D3F2E0046FA61 /* Headers */,
				CB8157281B3D3F2E0046FA61 /* Resources */,
			);
			buildRules = (
			);
			dependencies = (
			);
			name = ProtocolBuffers;
			productName = ProtocolBuffers;
			productReference = CB81572A1B3D3F2E0046FA61 /* ProtocolBuffers.framework */;
			productType = "com.apple.product-type.framework";
		};
/* End PBXNativeTarget section */

/* Begin PBXProject section */
		0867D690FE84028FC02AAC07 /* Project object */ = {
			isa = PBXProject;
			attributes = {
				LastUpgradeCheck = 0700;
				TargetAttributes = {
					C5B03F75125179F30087887C = {
						TestTargetID = D2AAC07D0554694100DB518D;
					};
					CB8157291B3D3F2E0046FA61 = {
						CreatedOnToolsVersion = 7.0;
					};
				};
			};
			buildConfigurationList = 1DEB922208733DC00010E9CD /* Build configuration list for PBXProject "ProtocolBuffers" */;
			compatibilityVersion = "Xcode 6.3";
			developmentRegion = English;
			hasScannedForEncodings = 1;
			knownRegions = (
				English,
				Japanese,
				French,
				German,
			);
			mainGroup = 0867D691FE84028FC02AAC07 /* ProtocolBuffers */;
			productRefGroup = 034768DFFF38A50411DB9C8B /* Products */;
			projectDirPath = "";
			projectRoot = "";
			targets = (
				CB8157291B3D3F2E0046FA61 /* ProtocolBuffers */,
				C5B03F75125179F30087887C /* UnitTests */,
			);
		};
/* End PBXProject section */

/* Begin PBXResourcesBuildPhase section */
		C5B03F71125179F30087887C /* Resources */ = {
			isa = PBXResourcesBuildPhase;
			buildActionMask = 2147483647;
			files = (
				3FD2C4AE195A0E5B00ABFC84 /* golden_message in Resources */,
				3FD2C4AF195A0E5B00ABFC84 /* golden_packed_fields_message in Resources */,
			);
			runOnlyForDeploymentPostprocessing = 0;
		};
		CB8157281B3D3F2E0046FA61 /* Resources */ = {
			isa = PBXResourcesBuildPhase;
			buildActionMask = 2147483647;
			files = (
			);
			runOnlyForDeploymentPostprocessing = 0;
		};
/* End PBXResourcesBuildPhase section */

/* Begin PBXShellScriptBuildPhase section */
		C5B03F74125179F30087887C /* ShellScript */ = {
			isa = PBXShellScriptBuildPhase;
			buildActionMask = 2147483647;
			files = (
			);
			inputPaths = (
			);
			outputPaths = (
			);
			runOnlyForDeploymentPostprocessing = 0;
			shellPath = /bin/sh;
			shellScript = "# Run the unit tests in this test bundle.\n\"${SYSTEM_DEVELOPER_DIR}/Tools/RunUnitTests\"\n";
		};
/* End PBXShellScriptBuildPhase section */

/* Begin PBXSourcesBuildPhase section */
		C5B03F72125179F30087887C /* Sources */ = {
			isa = PBXSourcesBuildPhase;
			buildActionMask = 2147483647;
			files = (
				3FD0CF3A1959F700000C8F68 /* Unittest_lite.pb.m in Sources */,
				C5B03FC712517AAE0087887C /* SmallBlockInputStream.m in Sources */,
				C5B03FC912517AD90087887C /* CodedInputStreamTests.m in Sources */,
				3FD0CF3E1959F700000C8F68 /* Unittest.pb.m in Sources */,
				3FD0CF371959F700000C8F68 /* Unittest_import_public.pb.m in Sources */,
				C5B03FCA12517AD90087887C /* CodedOuputStreamTests.m in Sources */,
				3FD0CF3B1959F700000C8F68 /* Unittest_mset.pb.m in Sources */,
				3FD0CF351959F700000C8F68 /* Unittest_import_lite.pb.m in Sources */,
				C5B03FCB12517AD90087887C /* CoreTests.m in Sources */,
				3FD0CF321959F700000C8F68 /* Unittest_embed_optimize_for.pb.m in Sources */,
				3FD0CF361959F700000C8F68 /* Unittest_import_public_lite.pb.m in Sources */,
				3FD0CF311959F700000C8F68 /* Unittest_custom_options.pb.m in Sources */,
				3FD0CF391959F700000C8F68 /* Unittest_lite_imports_nonlite.pb.m in Sources */,
				C5B03FCC12517AD90087887C /* GeneratedMessageTests.m in Sources */,
				C5B03FCD12517AD90087887C /* MessageTests.m in Sources */,
				3FD0CF341959F700000C8F68 /* Unittest_enormous_descriptor.pb.m in Sources */,
				C5B03FCE12517AD90087887C /* MicroTest.m in Sources */,
				3FD0CF3C1959F700000C8F68 /* Unittest_no_generic_services.pb.m in Sources */,
				C5B03FCF12517AD90087887C /* TestUtilities.m in Sources */,
				C5B03FD612517AD90087887C /* UnknownFieldSetTest.m in Sources */,
				3FD0CF3D1959F700000C8F68 /* Unittest_optimize_for.pb.m in Sources */,
				C5B03FD712517AD90087887C /* UtilitiesTests.m in Sources */,
				3FD0CF331959F700000C8F68 /* Unittest_empty.pb.m in Sources */,
				C5B03FD812517AD90087887C /* WireFormatTests.m in Sources */,
				3FD0CF381959F700000C8F68 /* Unittest_import.pb.m in Sources */,
				C5B0406312517D0A0087887C /* Main.m in Sources */,
				C5D8D6EB12767BC300F0BAE4 /* ArrayTests.m in Sources */,
			);
			runOnlyForDeploymentPostprocessing = 0;
		};
		CB8157251B3D3F2E0046FA61 /* Sources */ = {
			isa = PBXSourcesBuildPhase;
			buildActionMask = 2147483647;
			files = (
				CB8157411B3D3F840046FA61 /* ObjectivecDescriptor.pb.m in Sources */,
				CB81574E1B3D3FAD0046FA61 /* TextFormat.m in Sources */,
				CB8157441B3D3F910046FA61 /* ExtendableMessageBuilder.m in Sources */,
				CB8157501B3D3FB20046FA61 /* AbstractMessageBuilder.m in Sources */,
				CB81574D1B3D3FAA0046FA61 /* CodedOutputStream.m in Sources */,
				CB8157541B3D3FBF0046FA61 /* PBArray.m in Sources */,
				CB8157561B3D3FC60046FA61 /* Utilities.m in Sources */,
				CB81574A1B3D3FA10046FA61 /* UnknownFieldSetBuilder.m in Sources */,
				CB81574B1B3D3FA40046FA61 /* UnknownFieldSet.m in Sources */,
				CB81574C1B3D3FA70046FA61 /* CodedInputStream.m in Sources */,
				CB8157461B3D3F960046FA61 /* ExtensionRegistry.m in Sources */,
				CB81574F1B3D3FAF0046FA61 /* WireFormat.m in Sources */,
				CB8157431B3D3F8D0046FA61 /* ConcreteExtensionField.m in Sources */,
				CB8157531B3D3FBC0046FA61 /* GeneratedMessage.m in Sources */,
				CB8157421B3D3F890046FA61 /* Descriptor.pb.m in Sources */,
				CB8157511B3D3FB60046FA61 /* AbstractMessage.m in Sources */,
				CB8157491B3D3F9E0046FA61 /* MutableField.m in Sources */,
				CB8157471B3D3F990046FA61 /* MutableExtensionRegistry.m in Sources */,
				CB8157521B3D3FB90046FA61 /* GeneratedMessageBuilder.m in Sources */,
				CB8157481B3D3F9C0046FA61 /* Field.m in Sources */,
				CB8157451B3D3F930046FA61 /* ExtendableMessage.m in Sources */,
				CB8157551B3D3FC20046FA61 /* RingBuffer.m in Sources */,
			);
			runOnlyForDeploymentPostprocessing = 0;
		};
/* End PBXSourcesBuildPhase section */

/* Begin XCBuildConfiguration section */
		1DEB922308733DC00010E9CD /* Debug */ = {
			isa = XCBuildConfiguration;
			buildSettings = {
				CLANG_ENABLE_OBJC_ARC = YES;
				ENABLE_TESTABILITY = YES;
				GCC_C_LANGUAGE_STANDARD = c99;
				GCC_OPTIMIZATION_LEVEL = 0;
				GCC_WARN_ABOUT_RETURN_TYPE = YES;
				GCC_WARN_UNUSED_VARIABLE = YES;
				HEADER_SEARCH_PATHS = ../ProtocolBuffers;
				IPHONEOS_DEPLOYMENT_TARGET = 6.0;
				OBJROOT = Build;
				ONLY_ACTIVE_ARCH = YES;
				OTHER_LDFLAGS = "-ObjC";
				PRIVATE_HEADERS_FOLDER_PATH = ../ProtocolBuffers/private;
				PUBLIC_HEADERS_FOLDER_PATH = ../ProtocolBuffers;
				SDKROOT = iphoneos;
				SKIP_INSTALL = YES;
				SYMROOT = Build/Products;
				VALID_ARCHS = "arm64 armv7 armv7s i386";
			};
			name = Debug;
		};
		1DEB922408733DC00010E9CD /* Release */ = {
			isa = XCBuildConfiguration;
			buildSettings = {
				CLANG_ENABLE_OBJC_ARC = YES;
				GCC_C_LANGUAGE_STANDARD = c99;
				GCC_WARN_ABOUT_RETURN_TYPE = YES;
				GCC_WARN_UNUSED_VARIABLE = YES;
				HEADER_SEARCH_PATHS = ../ProtocolBuffers;
				IPHONEOS_DEPLOYMENT_TARGET = 6.0;
				OBJROOT = Build;
				OTHER_LDFLAGS = "-ObjC";
				PRIVATE_HEADERS_FOLDER_PATH = ../ProtocolBuffers/private;
				PUBLIC_HEADERS_FOLDER_PATH = ../ProtocolBuffers;
				SDKROOT = iphoneos;
				SKIP_INSTALL = YES;
				SYMROOT = Build/Products;
				VALID_ARCHS = "arm64 armv7 armv7s i386";
			};
			name = Release;
		};
		C5B03F78125179F50087887C /* Debug */ = {
			isa = XCBuildConfiguration;
			buildSettings = {
				ALWAYS_SEARCH_USER_PATHS = NO;
				CLANG_ALLOW_NON_MODULAR_INCLUDES_IN_FRAMEWORK_MODULES = YES;
				CLANG_ENABLE_MODULES = YES;
				CLANG_ENABLE_OBJC_ARC = YES;
				COMBINE_HIDPI_IMAGES = YES;
				COPY_PHASE_STRIP = NO;
				DEFINES_MODULE = YES;
				FRAMEWORK_SEARCH_PATHS = (
					"$(SDKROOT)/Developer/Library/Frameworks",
					"$(DEVELOPER_LIBRARY_DIR)/Frameworks",
					"$(DEVELOPER_FRAMEWORKS_DIR)",
				);
				GCC_DYNAMIC_NO_PIC = NO;
				GCC_ENABLE_OBJC_EXCEPTIONS = YES;
				GCC_MODEL_TUNING = G5;
				GCC_OPTIMIZATION_LEVEL = 0;
				GCC_PRECOMPILE_PREFIX_HEADER = YES;
				GCC_PREFIX_HEADER = "$(SYSTEM_LIBRARY_DIR)/Frameworks/Foundation.framework/Headers/Foundation.h";
				INFOPLIST_FILE = "UnitTests-Info.plist";
				INSTALL_PATH = "$(USER_LIBRARY_DIR)/Bundles";
				IPHONEOS_DEPLOYMENT_TARGET = 7.1;
				ONLY_ACTIVE_ARCH = NO;
				OTHER_LDFLAGS = (
					"-framework",
					Foundation,
					"-framework",
					SenTestingKit,
					"-all_load",
				);
				PRODUCT_BUNDLE_IDENTIFIER = "com.alexeyxo.${PRODUCT_NAME:rfc1034identifier}";
				PRODUCT_NAME = UnitTests;
				SDKROOT = iphoneos;
				SUPPORTED_PLATFORMS = "iphonesimulator iphoneos";
				VALID_ARCHS = "i386 x86_64 armv7s armv7 arm64";
				WRAPPER_EXTENSION = xctest;
			};
			name = Debug;
		};
		C5B03F79125179F50087887C /* Release */ = {
			isa = XCBuildConfiguration;
			buildSettings = {
				ALWAYS_SEARCH_USER_PATHS = NO;
				CLANG_ALLOW_NON_MODULAR_INCLUDES_IN_FRAMEWORK_MODULES = YES;
				CLANG_ENABLE_MODULES = YES;
				CLANG_ENABLE_OBJC_ARC = YES;
				COMBINE_HIDPI_IMAGES = YES;
				COPY_PHASE_STRIP = YES;
				DEBUG_INFORMATION_FORMAT = "dwarf-with-dsym";
				DEFINES_MODULE = YES;
				FRAMEWORK_SEARCH_PATHS = (
					"$(SDKROOT)/Developer/Library/Frameworks",
					"$(DEVELOPER_LIBRARY_DIR)/Frameworks",
					"$(DEVELOPER_FRAMEWORKS_DIR)",
				);
				GCC_ENABLE_OBJC_EXCEPTIONS = YES;
				GCC_MODEL_TUNING = G5;
				GCC_PRECOMPILE_PREFIX_HEADER = YES;
				GCC_PREFIX_HEADER = "$(SYSTEM_LIBRARY_DIR)/Frameworks/Foundation.framework/Headers/Foundation.h";
				INFOPLIST_FILE = "UnitTests-Info.plist";
				INSTALL_PATH = "$(USER_LIBRARY_DIR)/Bundles";
				IPHONEOS_DEPLOYMENT_TARGET = 7.1;
				OTHER_LDFLAGS = (
					"-framework",
					Foundation,
					"-framework",
					SenTestingKit,
					"-all_load",
				);
				PRODUCT_BUNDLE_IDENTIFIER = "com.alexeyxo.${PRODUCT_NAME:rfc1034identifier}";
				PRODUCT_NAME = UnitTests;
				SDKROOT = iphoneos;
				SUPPORTED_PLATFORMS = "iphonesimulator iphoneos";
				VALID_ARCHS = "i386 x86_64 armv7s armv7 arm64";
				WRAPPER_EXTENSION = xctest;
				ZERO_LINK = NO;
			};
			name = Release;
		};
		CB81573C1B3D3F2F0046FA61 /* Debug */ = {
			isa = XCBuildConfiguration;
			buildSettings = {
				ALWAYS_SEARCH_USER_PATHS = NO;
				CLANG_CXX_LANGUAGE_STANDARD = "gnu++0x";
				CLANG_CXX_LIBRARY = "libc++";
				CLANG_ENABLE_MODULES = YES;
				CLANG_WARN_BOOL_CONVERSION = YES;
				CLANG_WARN_CONSTANT_CONVERSION = YES;
				CLANG_WARN_DIRECT_OBJC_ISA_USAGE = YES_ERROR;
				CLANG_WARN_EMPTY_BODY = YES;
				CLANG_WARN_ENUM_CONVERSION = YES;
				CLANG_WARN_INT_CONVERSION = YES;
				CLANG_WARN_OBJC_ROOT_CLASS = YES_ERROR;
				CLANG_WARN_UNREACHABLE_CODE = YES;
				CLANG_WARN__DUPLICATE_METHOD_MATCH = YES;
				"CODE_SIGN_IDENTITY[sdk=iphoneos*]" = "iPhone Developer";
				COPY_PHASE_STRIP = NO;
				CURRENT_PROJECT_VERSION = 1;
				DEBUG_INFORMATION_FORMAT = dwarf;
				DEFINES_MODULE = YES;
				DYLIB_COMPATIBILITY_VERSION = 1;
				DYLIB_CURRENT_VERSION = 1;
				DYLIB_INSTALL_NAME_BASE = "@rpath";
				ENABLE_STRICT_OBJC_MSGSEND = YES;
				ENABLE_TESTABILITY = YES;
				GCC_C_LANGUAGE_STANDARD = gnu99;
				GCC_DYNAMIC_NO_PIC = NO;
				GCC_NO_COMMON_BLOCKS = YES;
				GCC_PRECOMPILE_PREFIX_HEADER = YES;
				GCC_PREFIX_HEADER = ProtocolBuffers_Prefix.pch;
				GCC_PREPROCESSOR_DEFINITIONS = (
					"DEBUG=1",
					"$(inherited)",
				);
				GCC_WARN_64_TO_32_BIT_CONVERSION = YES;
				GCC_WARN_ABOUT_RETURN_TYPE = YES_ERROR;
				GCC_WARN_UNDECLARED_SELECTOR = YES;
				GCC_WARN_UNINITIALIZED_AUTOS = YES_AGGRESSIVE;
				GCC_WARN_UNUSED_FUNCTION = YES;
				HEADER_SEARCH_PATHS = "";
				INFOPLIST_FILE = ProtocolBuffers/Info.plist;
				INSTALL_PATH = "$(LOCAL_LIBRARY_DIR)/Frameworks";
				IPHONEOS_DEPLOYMENT_TARGET = 9.0;
				LD_RUNPATH_SEARCH_PATHS = "$(inherited) @executable_path/Frameworks @loader_path/Frameworks";
				MTL_ENABLE_DEBUG_INFO = YES;
				PRIVATE_HEADERS_FOLDER_PATH = "$(CONTENTS_FOLDER_PATH)/PrivateHeaders";
				PRODUCT_BUNDLE_IDENTIFIER = com.bubble.ProtocolBuffers;
				PRODUCT_NAME = "$(TARGET_NAME)";
				PUBLIC_HEADERS_FOLDER_PATH = "$(CONTENTS_FOLDER_PATH)/Headers";
				SKIP_INSTALL = YES;
				TARGETED_DEVICE_FAMILY = "1,2";
				VERSIONING_SYSTEM = "apple-generic";
				VERSION_INFO_PREFIX = "";
			};
			name = Debug;
		};
		CB81573D1B3D3F2F0046FA61 /* Release */ = {
			isa = XCBuildConfiguration;
			buildSettings = {
				ALWAYS_SEARCH_USER_PATHS = NO;
				CLANG_CXX_LANGUAGE_STANDARD = "gnu++0x";
				CLANG_CXX_LIBRARY = "libc++";
				CLANG_ENABLE_MODULES = YES;
				CLANG_WARN_BOOL_CONVERSION = YES;
				CLANG_WARN_CONSTANT_CONVERSION = YES;
				CLANG_WARN_DIRECT_OBJC_ISA_USAGE = YES_ERROR;
				CLANG_WARN_EMPTY_BODY = YES;
				CLANG_WARN_ENUM_CONVERSION = YES;
				CLANG_WARN_INT_CONVERSION = YES;
				CLANG_WARN_OBJC_ROOT_CLASS = YES_ERROR;
				CLANG_WARN_UNREACHABLE_CODE = YES;
				CLANG_WARN__DUPLICATE_METHOD_MATCH = YES;
				"CODE_SIGN_IDENTITY[sdk=iphoneos*]" = "iPhone Developer";
				COPY_PHASE_STRIP = NO;
				CURRENT_PROJECT_VERSION = 1;
				DEBUG_INFORMATION_FORMAT = "dwarf-with-dsym";
				DEFINES_MODULE = YES;
				DYLIB_COMPATIBILITY_VERSION = 1;
				DYLIB_CURRENT_VERSION = 1;
				DYLIB_INSTALL_NAME_BASE = "@rpath";
				ENABLE_NS_ASSERTIONS = NO;
				ENABLE_STRICT_OBJC_MSGSEND = YES;
				GCC_C_LANGUAGE_STANDARD = gnu99;
				GCC_NO_COMMON_BLOCKS = YES;
				GCC_PRECOMPILE_PREFIX_HEADER = YES;
				GCC_PREFIX_HEADER = ProtocolBuffers_Prefix.pch;
				GCC_WARN_64_TO_32_BIT_CONVERSION = YES;
				GCC_WARN_ABOUT_RETURN_TYPE = YES_ERROR;
				GCC_WARN_UNDECLARED_SELECTOR = YES;
				GCC_WARN_UNINITIALIZED_AUTOS = YES_AGGRESSIVE;
				GCC_WARN_UNUSED_FUNCTION = YES;
				HEADER_SEARCH_PATHS = "";
				INFOPLIST_FILE = ProtocolBuffers/Info.plist;
				INSTALL_PATH = "$(LOCAL_LIBRARY_DIR)/Frameworks";
				IPHONEOS_DEPLOYMENT_TARGET = 9.0;
				LD_RUNPATH_SEARCH_PATHS = "$(inherited) @executable_path/Frameworks @loader_path/Frameworks";
				MTL_ENABLE_DEBUG_INFO = NO;
				PRIVATE_HEADERS_FOLDER_PATH = "$(CONTENTS_FOLDER_PATH)/PrivateHeaders";
				PRODUCT_BUNDLE_IDENTIFIER = com.bubble.ProtocolBuffers;
				PRODUCT_NAME = "$(TARGET_NAME)";
				PUBLIC_HEADERS_FOLDER_PATH = "$(CONTENTS_FOLDER_PATH)/Headers";
				SKIP_INSTALL = YES;
				TARGETED_DEVICE_FAMILY = "1,2";
				VALIDATE_PRODUCT = YES;
				VERSIONING_SYSTEM = "apple-generic";
				VERSION_INFO_PREFIX = "";
			};
			name = Release;
		};
/* End XCBuildConfiguration section */

/* Begin XCConfigurationList section */
		1DEB922208733DC00010E9CD /* Build configuration list for PBXProject "ProtocolBuffers" */ = {
			isa = XCConfigurationList;
			buildConfigurations = (
				1DEB922308733DC00010E9CD /* Debug */,
				1DEB922408733DC00010E9CD /* Release */,
			);
			defaultConfigurationIsVisible = 0;
			defaultConfigurationName = Release;
		};
		C5B03F7A125179F50087887C /* Build configuration list for PBXNativeTarget "UnitTests" */ = {
			isa = XCConfigurationList;
			buildConfigurations = (
				C5B03F78125179F50087887C /* Debug */,
				C5B03F79125179F50087887C /* Release */,
			);
			defaultConfigurationIsVisible = 0;
			defaultConfigurationName = Release;
		};
		CB81573B1B3D3F2F0046FA61 /* Build configuration list for PBXNativeTarget "ProtocolBuffers" */ = {
			isa = XCConfigurationList;
			buildConfigurations = (
				CB81573C1B3D3F2F0046FA61 /* Debug */,
				CB81573D1B3D3F2F0046FA61 /* Release */,
			);
			defaultConfigurationIsVisible = 0;
			defaultConfigurationName = Release;
		};
/* End XCConfigurationList section */
	};
	rootObject = 0867D690FE84028FC02AAC07 /* Project object */;
}
